
Microsoft Visual Studio Solution File, Format Version 12.00
# Visual Studio Version 16
VisualStudioVersion = 16.0.31515.178
MinimumVisualStudioVersion = 10.0.40219.1
Project("{888888A0-9F3D-457C-B088-3A5042F75D52}") = "DataBaseControler", "DataBaseControler.pyproj", "{BADD477C-F132-4046-AAC9-D08AA2C0CC6C}"
EndProject
Global
	GlobalSection(SolutionConfigurationPlatforms) = preSolution
		Debug|Any CPU = Debug|Any CPU
		Release|Any CPU = Release|Any CPU
	EndGlobalSection
	GlobalSection(ProjectConfigurationPlatforms) = postSolution
		{BADD477C-F132-4046-AAC9-D08AA2C0CC6C}.Debug|Any CPU.ActiveCfg = Debug|Any CPU
		{BADD477C-F132-4046-AAC9-D08AA2C0CC6C}.Release|Any CPU.ActiveCfg = Release|Any CPU
	EndGlobalSection
	GlobalSection(SolutionProperties) = preSolution
		HideSolutionNode = FALSE
	EndGlobalSection
	GlobalSection(ExtensibilityGlobals) = postSolution
		SolutionGuid = {C570C7E2-B2C7-472F-9B3C-BBE73E9DBAC5}
	EndGlobalSection
EndGlobal
